// !$*UTF8*$!
{
	archiveVersion = 1;
	classes = {
	};
	objectVersion = 46;
	objects = {

/* Begin PBXBuildFile section */
		81D5D0F71BC72ECE0059D1F1 /* AppDelegate.swift in Sources */ = {isa = PBXBuildFile; fileRef = 81D5D0F61BC72ECE0059D1F1 /* AppDelegate.swift */; };
		81D5D0F91BC72ECE0059D1F1 /* ViewController.swift in Sources */ = {isa = PBXBuildFile; fileRef = 81D5D0F81BC72ECE0059D1F1 /* ViewController.swift */; };
		81D5D0FC1BC72ECE0059D1F1 /* Main.storyboard in Resources */ = {isa = PBXBuildFile; fileRef = 81D5D0FA1BC72ECE0059D1F1 /* Main.storyboard */; };
		81D5D0FE1BC72ECE0059D1F1 /* Assets.xcassets in Resources */ = {isa = PBXBuildFile; fileRef = 81D5D0FD1BC72ECE0059D1F1 /* Assets.xcassets */; };
		81D5D1011BC72ECE0059D1F1 /* LaunchScreen.storyboard in Resources */ = {isa = PBXBuildFile; fileRef = 81D5D0FF1BC72ECE0059D1F1 /* LaunchScreen.storyboard */; };
		81D5D10C1BC72ECE0059D1F1 /* tapper2Tests.swift in Sources */ = {isa = PBXBuildFile; fileRef = 81D5D10B1BC72ECE0059D1F1 /* tapper2Tests.swift */; };
		81D5D1171BC72ECE0059D1F1 /* tapper2UITests.swift in Sources */ = {isa = PBXBuildFile; fileRef = 81D5D1161BC72ECE0059D1F1 /* tapper2UITests.swift */; };
/* End PBXBuildFile section */

/* Begin PBXContainerItemProxy section */
		81D5D1081BC72ECE0059D1F1 /* PBXContainerItemProxy */ = {
			isa = PBXContainerItemProxy;
			containerPortal = 81D5D0EB1BC72ECD0059D1F1 /* Project object */;
			proxyType = 1;
			remoteGlobalIDString = 81D5D0F21BC72ECE0059D1F1;
			remoteInfo = tapper2;
		};
		81D5D1131BC72ECE0059D1F1 /* PBXContainerItemProxy */ = {
			isa = PBXContainerItemProxy;
			containerPortal = 81D5D0EB1BC72ECD0059D1F1 /* Project object */;
			proxyType = 1;
			remoteGlobalIDString = 81D5D0F21BC72ECE0059D1F1;
			remoteInfo = tapper2;
		};
/* End PBXContainerItemProxy section */

/* Begin PBXFileReference section */
		81D5D0F31BC72ECE0059D1F1 /* tapper2.app */ = {isa = PBXFileReference; explicitFileType = wrapper.application; includeInIndex = 0; path = tapper2.app; sourceTree = BUILT_PRODUCTS_DIR; };
		81D5D0F61BC72ECE0059D1F1 /* AppDelegate.swift */ = {isa = PBXFileReference; lastKnownFileType = sourcecode.swift; path = AppDelegate.swift; sourceTree = "<group>"; };
		81D5D0F81BC72ECE0059D1F1 /* ViewController.swift */ = {isa = PBXFileReference; lastKnownFileType = sourcecode.swift; path = ViewController.swift; sourceTree = "<group>"; };
		81D5D0FB1BC72ECE0059D1F1 /* Base */ = {isa = PBXFileReference; lastKnownFileType = file.storyboard; name = Base; path = Base.lproj/Main.storyboard; sourceTree = "<group>"; };
		81D5D0FD1BC72ECE0059D1F1 /* Assets.xcassets */ = {isa = PBXFileReference; lastKnownFileType = folder.assetcatalog; path = Assets.xcassets; sourceTree = "<group>"; };
		81D5D1001BC72ECE0059D1F1 /* Base */ = {isa = PBXFileReference; lastKnownFileType = file.storyboard; name = Base; path = Base.lproj/LaunchScreen.storyboard; sourceTree = "<group>"; };
		81D5D1021BC72ECE0059D1F1 /* Info.plist */ = {isa = PBXFileReference; lastKnownFileType = text.plist.xml; path = Info.plist; sourceTree = "<group>"; };
		81D5D1071BC72ECE0059D1F1 /* tapper2Tests.xctest */ = {isa = PBXFileReference; explicitFileType = wrapper.cfbundle; includeInIndex = 0; path = tapper2Tests.xctest; sourceTree = BUILT_PRODUCTS_DIR; };
		81D5D10B1BC72ECE0059D1F1 /* tapper2Tests.swift */ = {isa = PBXFileReference; lastKnownFileType = sourcecode.swift; path = tapper2Tests.swift; sourceTree = "<group>"; };
		81D5D10D1BC72ECE0059D1F1 /* Info.plist */ = {isa = PBXFileReference; lastKnownFileType = text.plist.xml; path = Info.plist; sourceTree = "<group>"; };
		81D5D1121BC72ECE0059D1F1 /* tapper2UITests.xctest */ = {isa = PBXFileReference; explicitFileType = wrapper.cfbundle; includeInIndex = 0; path = tapper2UITests.xctest; sourceTree = BUILT_PRODUCTS_DIR; };
		81D5D1161BC72ECE0059D1F1 /* tapper2UITests.swift */ = {isa = PBXFileReference; lastKnownFileType = sourcecode.swift; path = tapper2UITests.swift; sourceTree = "<group>"; };
		81D5D1181BC72ECE0059D1F1 /* Info.plist */ = {isa = PBXFileReference; lastKnownFileType = text.plist.xml; path = Info.plist; sourceTree = "<group>"; };
/* End PBXFileReference section */

/* Begin PBXFrameworksBuildPhase section */
		81D5D0F01BC72ECE0059D1F1 /* Frameworks */ = {
			isa = PBXFrameworksBuildPhase;
			buildActionMask = 2147483647;
			files = (
			);
			runOnlyForDeploymentPostprocessing = 0;
		};
		81D5D1041BC72ECE0059D1F1 /* Frameworks */ = {
			isa = PBXFrameworksBuildPhase;
			buildActionMask = 2147483647;
			files = (
			);
			runOnlyForDeploymentPostprocessing = 0;
		};
		81D5D10F1BC72ECE0059D1F1 /* Frameworks */ = {
			isa = PBXFrameworksBuildPhase;
			buildActionMask = 2147483647;
			files = (
			);
			runOnlyForDeploymentPostprocessing = 0;
		};
/* End PBXFrameworksBuildPhase section */

/* Begin PBXGroup section */
		81D5D0EA1BC72ECD0059D1F1 = {
			isa = PBXGroup;
			children = (
				81D5D0F51BC72ECE0059D1F1 /* tapper2 */,
				81D5D10A1BC72ECE0059D1F1 /* tapper2Tests */,
				81D5D1151BC72ECE0059D1F1 /* tapper2UITests */,
				81D5D0F41BC72ECE0059D1F1 /* Products */,
			);
			sourceTree = "<group>";
		};
		81D5D0F41BC72ECE0059D1F1 /* Products */ = {
			isa = PBXGroup;
			children = (
				81D5D0F31BC72ECE0059D1F1 /* tapper2.app */,
				81D5D1071BC72ECE0059D1F1 /* tapper2Tests.xctest */,
				81D5D1121BC72ECE0059D1F1 /* tapper2UITests.xctest */,
			);
			name = Products;
			sourceTree = "<group>";
		};
		81D5D0F51BC72ECE0059D1F1 /* tapper2 */ = {
			isa = PBXGroup;
			children = (
				81D5D0F61BC72ECE0059D1F1 /* AppDelegate.swift */,
				81D5D0F81BC72ECE0059D1F1 /* ViewController.swift */,
				81D5D0FA1BC72ECE0059D1F1 /* Main.storyboard */,
				81D5D0FD1BC72ECE0059D1F1 /* Assets.xcassets */,
				81D5D0FF1BC72ECE0059D1F1 /* LaunchScreen.storyboard */,
				81D5D1021BC72ECE0059D1F1 /* Info.plist */,
			);
			path = tapper2;
			sourceTree = "<group>";
		};
		81D5D10A1BC72ECE0059D1F1 /* tapper2Tests */ = {
			isa = PBXGroup;
			children = (
				81D5D10B1BC72ECE0059D1F1 /* tapper2Tests.swift */,
				81D5D10D1BC72ECE0059D1F1 /* Info.plist */,
			);
			path = tapper2Tests;
			sourceTree = "<group>";
		};
		81D5D1151BC72ECE0059D1F1 /* tapper2UITests */ = {
			isa = PBXGroup;
			children = (
				81D5D1161BC72ECE0059D1F1 /* tapper2UITests.swift */,
				81D5D1181BC72ECE0059D1F1 /* Info.plist */,
			);
			path = tapper2UITests;
			sourceTree = "<group>";
		};
/* End PBXGroup section */

/* Begin PBXNativeTarget section */
		81D5D0F21BC72ECE0059D1F1 /* tapper2 */ = {
			isa = PBXNativeTarget;
			buildConfigurationList = 81D5D11B1BC72ECE0059D1F1 /* Build configuration list for PBXNativeTarget "tapper2" */;
			buildPhases = (
				81D5D0EF1BC72ECE0059D1F1 /* Sources */,
				81D5D0F01BC72ECE0059D1F1 /* Frameworks */,
				81D5D0F11BC72ECE0059D1F1 /* Resources */,
			);
			buildRules = (
			);
			dependencies = (
			);
			name = tapper2;
			productName = tapper2;
			productReference = 81D5D0F31BC72ECE0059D1F1 /* tapper2.app */;
			productType = "com.apple.product-type.application";
		};
		81D5D1061BC72ECE0059D1F1 /* tapper2Tests */ = {
			isa = PBXNativeTarget;
			buildConfigurationList = 81D5D11E1BC72ECE0059D1F1 /* Build configuration list for PBXNativeTarget "tapper2Tests" */;
			buildPhases = (
				81D5D1031BC72ECE0059D1F1 /* Sources */,
				81D5D1041BC72ECE0059D1F1 /* Frameworks */,
				81D5D1051BC72ECE0059D1F1 /* Resources */,
			);
			buildRules = (
			);
			dependencies = (
				81D5D1091BC72ECE0059D1F1 /* PBXTargetDependency */,
			);
			name = tapper2Tests;
			productName = tapper2Tests;
			productReference = 81D5D1071BC72ECE0059D1F1 /* tapper2Tests.xctest */;
			productType = "com.apple.product-type.bundle.unit-test";
		};
		81D5D1111BC72ECE0059D1F1 /* tapper2UITests */ = {
			isa = PBXNativeTarget;
			buildConfigurationList = 81D5D1211BC72ECE0059D1F1 /* Build configuration list for PBXNativeTarget "tapper2UITests" */;
			buildPhases = (
				81D5D10E1BC72ECE0059D1F1 /* Sources */,
				81D5D10F1BC72ECE0059D1F1 /* Frameworks */,
				81D5D1101BC72ECE0059D1F1 /* Resources */,
			);
			buildRules = (
			);
			dependencies = (
				81D5D1141BC72ECE0059D1F1 /* PBXTargetDependency */,
			);
			name = tapper2UITests;
			productName = tapper2UITests;
			productReference = 81D5D1121BC72ECE0059D1F1 /* tapper2UITests.xctest */;
			productType = "com.apple.product-type.bundle.ui-testing";
		};
/* End PBXNativeTarget section */

/* Begin PBXProject section */
		81D5D0EB1BC72ECD0059D1F1 /* Project object */ = {
			isa = PBXProject;
			attributes = {
				LastUpgradeCheck = 0700;
				ORGANIZATIONNAME = mingdyn;
				TargetAttributes = {
					81D5D0F21BC72ECE0059D1F1 = {
						CreatedOnToolsVersion = 7.0.1;
					};
					81D5D1061BC72ECE0059D1F1 = {
						CreatedOnToolsVersion = 7.0.1;
						TestTargetID = 81D5D0F21BC72ECE0059D1F1;
					};
					81D5D1111BC72ECE0059D1F1 = {
						CreatedOnToolsVersion = 7.0.1;
						TestTargetID = 81D5D0F21BC72ECE0059D1F1;
					};
				};
			};
			buildConfigurationList = 81D5D0EE1BC72ECD0059D1F1 /* Build configuration list for PBXProject "tapper2" */;
			compatibilityVersion = "Xcode 3.2";
			developmentRegion = English;
			hasScannedForEncodings = 0;
			knownRegions = (
				en,
				Base,
			);
			mainGroup = 81D5D0EA1BC72ECD0059D1F1;
			productRefGroup = 81D5D0F41BC72ECE0059D1F1 /* Products */;
			projectDirPath = "";
			projectRoot = "";
			targets = (
				81D5D0F21BC72ECE0059D1F1 /* tapper2 */,
				81D5D1061BC72ECE0059D1F1 /* tapper2Tests */,
				81D5D1111BC72ECE0059D1F1 /* tapper2UITests */,
			);
		};
/* End PBXProject section */

/* Begin PBXResourcesBuildPhase section */
		81D5D0F11BC72ECE0059D1F1 /* Resources */ = {
			isa = PBXResourcesBuildPhase;
			buildActionMask = 2147483647;
			files = (
				81D5D1011BC72ECE0059D1F1 /* LaunchScreen.storyboard in Resources */,
				81D5D0FE1BC72ECE0059D1F1 /* Assets.xcassets in Resources */,
				81D5D0FC1BC72ECE0059D1F1 /* Main.storyboard in Resources */,
			);
			runOnlyForDeploymentPostprocessing = 0;
		};
		81D5D1051BC72ECE0059D1F1 /* Resources */ = {
			isa = PBXResourcesBuildPhase;
			buildActionMask = 2147483647;
			files = (
			);
			runOnlyForDeploymentPostprocessing = 0;
		};
		81D5D1101BC72ECE0059D1F1 /* Resources */ = {
			isa = PBXResourcesBuildPhase;
			buildActionMask = 2147483647;
			files = (
			);
			runOnlyForDeploymentPostprocessing = 0;
		};
/* End PBXResourcesBuildPhase section */

/* Begin PBXSourcesBuildPhase section */
		81D5D0EF1BC72ECE0059D1F1 /* Sources */ = {
			isa = PBXSourcesBuildPhase;
			buildActionMask = 2147483647;
			files = (
				81D5D0F91BC72ECE0059D1F1 /* ViewController.swift in Sources */,
				81D5D0F71BC72ECE0059D1F1 /* AppDelegate.swift in Sources */,
			);
			runOnlyForDeploymentPostprocessing = 0;
		};
		81D5D1031BC72ECE0059D1F1 /* Sources */ = {
			isa = PBXSourcesBuildPhase;
			buildActionMask = 2147483647;
			files = (
				81D5D10C1BC72ECE0059D1F1 /* tapper2Tests.swift in Sources */,
			);
			runOnlyForDeploymentPostprocessing = 0;
		};
		81D5D10E1BC72ECE0059D1F1 /* Sources */ = {
			isa = PBXSourcesBuildPhase;
			buildActionMask = 2147483647;
			files = (
				81D5D1171BC72ECE0059D1F1 /* tapper2UITests.swift in Sources */,
			);
			runOnlyForDeploymentPostprocessing = 0;
		};
/* End PBXSourcesBuildPhase section */

/* Begin PBXTargetDependency section */
		81D5D1091BC72ECE0059D1F1 /* PBXTargetDependency */ = {
			isa = PBXTargetDependency;
			target = 81D5D0F21BC72ECE0059D1F1 /* tapper2 */;
			targetProxy = 81D5D1081BC72ECE0059D1F1 /* PBXContainerItemProxy */;
		};
		81D5D1141BC72ECE0059D1F1 /* PBXTargetDependency */ = {
			isa = PBXTargetDependency;
			target = 81D5D0F21BC72ECE0059D1F1 /* tapper2 */;
			targetProxy = 81D5D1131BC72ECE0059D1F1 /* PBXContainerItemProxy */;
		};
/* End PBXTargetDependency section */

/* Begin PBXVariantGroup section */
		81D5D0FA1BC72ECE0059D1F1 /* Main.storyboard */ = {
			isa = PBXVariantGroup;
			children = (
				81D5D0FB1BC72ECE0059D1F1 /* Base */,
			);
			name = Main.storyboard;
			sourceTree = "<group>";
		};
		81D5D0FF1BC72ECE0059D1F1 /* LaunchScreen.storyboard */ = {
			isa = PBXVariantGroup;
			children = (
				81D5D1001BC72ECE0059D1F1 /* Base */,
			);
			name = LaunchScreen.storyboard;
			sourceTree = "<group>";
		};
/* End PBXVariantGroup section */

/* Begin XCBuildConfiguration section */
		81D5D1191BC72ECE0059D1F1 /* Debug */ = {
			isa = XCBuildConfiguration;
			buildSettings = {
				ALWAYS_SEARCH_USER_PATHS = NO;
				CLANG_CXX_LANGUAGE_STANDARD = "gnu++0x";
				CLANG_CXX_LIBRARY = "libc++";
				CLANG_ENABLE_MODULES = YES;
				CLANG_ENABLE_OBJC_ARC = YES;
				CLANG_WARN_BOOL_CONVERSION = YES;
				CLANG_WARN_CONSTANT_CONVERSION = YES;
				CLANG_WARN_DIRECT_OBJC_ISA_USAGE = YES_ERROR;
				CLANG_WARN_EMPTY_BODY = YES;
				CLANG_WARN_ENUM_CONVERSION = YES;
				CLANG_WARN_INT_CONVERSION = YES;
				CLANG_WARN_OBJC_ROOT_CLASS = YES_ERROR;
				CLANG_WARN_UNREACHABLE_CODE = YES;
				CLANG_WARN__DUPLICATE_METHOD_MATCH = YES;
				"CODE_SIGN_IDENTITY[sdk=iphoneos*]" = "iPhone Developer";
				COPY_PHASE_STRIP = NO;
				DEBUG_INFORMATION_FORMAT = dwarf;
				ENABLE_STRICT_OBJC_MSGSEND = YES;
				ENABLE_TESTABILITY = YES;
				GCC_C_LANGUAGE_STANDARD = gnu99;
				GCC_DYNAMIC_NO_PIC = NO;
				GCC_NO_COMMON_BLOCKS = YES;
				GCC_OPTIMIZATION_LEVEL = 0;
				GCC_PREPROCESSOR_DEFINITIONS = (
					"DEBUG=1",
					"$(inherited)",
				);
				GCC_WARN_64_TO_32_BIT_CONVERSION = YES;
				GCC_WARN_ABOUT_RETURN_TYPE = YES_ERROR;
				GCC_WARN_UNDECLARED_SELECTOR = YES;
				GCC_WARN_UNINITIALIZED_AUTOS = YES_AGGRESSIVE;
				GCC_WARN_UNUSED_FUNCTION = YES;
				GCC_WARN_UNUSED_VARIABLE = YES;
				IPHONEOS_DEPLOYMENT_TARGET = 9.0;
				MTL_ENABLE_DEBUG_INFO = YES;
				ONLY_ACTIVE_ARCH = YES;
				SDKROOT = iphoneos;
				SWIFT_OPTIMIZATION_LEVEL = "-Onone";
			};
			name = Debug;
		};
		81D5D11A1BC72ECE0059D1F1 /* Release */ = {
			isa = XCBuildConfiguration;
			buildSettings = {
				ALWAYS_SEARCH_USER_PATHS = NO;
				CLANG_CXX_LANGUAGE_STANDARD = "gnu++0x";
				CLANG_CXX_LIBRARY = "libc++";
				CLANG_ENABLE_MODULES = YES;
				CLANG_ENABLE_OBJC_ARC = YES;
				CLANG_WARN_BOOL_CONVERSION = YES;
				CLANG_WARN_CONSTANT_CONVERSION = YES;
				CLANG_WARN_DIRECT_OBJC_ISA_USAGE = YES_ERROR;
				CLANG_WARN_EMPTY_BODY = YES;
				CLANG_WARN_ENUM_CONVERSION = YES;
				CLANG_WARN_INT_CONVERSION = YES;
				CLANG_WARN_OBJC_ROOT_CLASS = YES_ERROR;
				CLANG_WARN_UNREACHABLE_CODE = YES;
				CLANG_WARN__DUPLICATE_METHOD_MATCH = YES;
				"CODE_SIGN_IDENTITY[sdk=iphoneos*]" = "iPhone Developer";
				COPY_PHASE_STRIP = NO;
				DEBUG_INFORMATION_FORMAT = "dwarf-with-dsym";
				ENABLE_NS_ASSERTIONS = NO;
				ENABLE_STRICT_OBJC_MSGSEND = YES;
				GCC_C_LANGUAGE_STANDARD = gnu99;
				GCC_NO_COMMON_BLOCKS = YES;
				GCC_WARN_64_TO_32_BIT_CONVERSION = YES;
				GCC_WARN_ABOUT_RETURN_TYPE = YES_ERROR;
				GCC_WARN_UNDECLARED_SELECTOR = YES;
				GCC_WARN_UNINITIALIZED_AUTOS = YES_AGGRESSIVE;
				GCC_WARN_UNUSED_FUNCTION = YES;
				GCC_WARN_UNUSED_VARIABLE = YES;
				IPHONEOS_DEPLOYMENT_TARGET = 9.0;
				MTL_ENABLE_DEBUG_INFO = NO;
				SDKROOT = iphoneos;
				VALIDATE_PRODUCT = YES;
			};
			name = Release;
		};
		81D5D11C1BC72ECE0059D1F1 /* Debug */ = {
			isa = XCBuildConfiguration;
			buildSettings = {
				ASSETCATALOG_COMPILER_APPICON_NAME = AppIcon;
				INFOPLIST_FILE = tapper2/Info.plist;
				LD_RUNPATH_SEARCH_PATHS = "$(inherited) @executable_path/Frameworks";
				PRODUCT_BUNDLE_IDENTIFIER = com.mingdyn.tapper2;
				PRODUCT_NAME = "$(TARGET_NAME)";
			};
			name = Debug;
		};
		81D5D11D1BC72ECE0059D1F1 /* Release */ = {
			isa = XCBuildConfiguration;
			buildSettings = {
				ASSETCATALOG_COMPILER_APPICON_NAME = AppIcon;
				INFOPLIST_FILE = tapper2/Info.plist;
				LD_RUNPATH_SEARCH_PATHS = "$(inherited) @executable_path/Frameworks";
				PRODUCT_BUNDLE_IDENTIFIER = com.mingdyn.tapper2;
				PRODUCT_NAME = "$(TARGET_NAME)";
			};
			name = Release;
		};
		81D5D11F1BC72ECE0059D1F1 /* Debug */ = {
			isa = XCBuildConfiguration;
			buildSettings = {
				BUNDLE_LOADER = "$(TEST_HOST)";
				INFOPLIST_FILE = tapper2Tests/Info.plist;
				LD_RUNPATH_SEARCH_PATHS = "$(inherited) @executable_path/Frameworks @loader_path/Frameworks";
				PRODUCT_BUNDLE_IDENTIFIER = com.mingdyn.tapper2Tests;
				PRODUCT_NAME = "$(TARGET_NAME)";
				TEST_HOST = "$(BUILT_PRODUCTS_DIR)/tapper2.app/tapper2";
			};
			name = Debug;
		};
		81D5D1201BC72ECE0059D1F1 /* Release */ = {
			isa = XCBuildConfiguration;
			buildSettings = {
				BUNDLE_LOADER = "$(TEST_HOST)";
				INFOPLIST_FILE = tapper2Tests/Info.plist;
				LD_RUNPATH_SEARCH_PATHS = "$(inherited) @executable_path/Frameworks @loader_path/Frameworks";
				PRODUCT_BUNDLE_IDENTIFIER = com.mingdyn.tapper2Tests;
				PRODUCT_NAME = "$(TARGET_NAME)";
				TEST_HOST = "$(BUILT_PRODUCTS_DIR)/tapper2.app/tapper2";
			};
			name = Release;
		};
		81D5D1221BC72ECE0059D1F1 /* Debug */ = {
			isa = XCBuildConfiguration;
			buildSettings = {
				INFOPLIST_FILE = tapper2UITests/Info.plist;
				LD_RUNPATH_SEARCH_PATHS = "$(inherited) @executable_path/Frameworks @loader_path/Frameworks";
				PRODUCT_BUNDLE_IDENTIFIER = com.mingdyn.tapper2UITests;
				PRODUCT_NAME = "$(TARGET_NAME)";
				TEST_TARGET_NAME = tapper2;
				USES_XCTRUNNER = YES;
			};
			name = Debug;
		};
		81D5D1231BC72ECE0059D1F1 /* Release */ = {
			isa = XCBuildConfiguration;
			buildSettings = {
				INFOPLIST_FILE = tapper2UITests/Info.plist;
				LD_RUNPATH_SEARCH_PATHS = "$(inherited) @executable_path/Frameworks @loader_path/Frameworks";
				PRODUCT_BUNDLE_IDENTIFIER = com.mingdyn.tapper2UITests;
				PRODUCT_NAME = "$(TARGET_NAME)";
				TEST_TARGET_NAME = tapper2;
				USES_XCTRUNNER = YES;
			};
			name = Release;
		};
/* End XCBuildConfiguration section */

/* Begin XCConfigurationList section */
		81D5D0EE1BC72ECD0059D1F1 /* Build configuration list for PBXProject "tapper2" */ = {
			isa = XCConfigurationList;
			buildConfigurations = (
				81D5D1191BC72ECE0059D1F1 /* Debug */,
				81D5D11A1BC72ECE0059D1F1 /* Release */,
			);
			defaultConfigurationIsVisible = 0;
			defaultConfigurationName = Release;
		};
		81D5D11B1BC72ECE0059D1F1 /* Build configuration list for PBXNativeTarget "tapper2" */ = {
			isa = XCConfigurationList;
			buildConfigurations = (
				81D5D11C1BC72ECE0059D1F1 /* Debug */,
				81D5D11D1BC72ECE0059D1F1 /* Release */,
			);
			defaultConfigurationIsVisible = 0;
		};
		81D5D11E1BC72ECE0059D1F1 /* Build configuration list for PBXNativeTarget "tapper2Tests" */ = {
			isa = XCConfigurationList;
			buildConfigurations = (
				81D5D11F1BC72ECE0059D1F1 /* Debug */,
				81D5D1201BC72ECE0059D1F1 /* Release */,
			);
			defaultConfigurationIsVisible = 0;
		};
		81D5D1211BC72ECE0059D1F1 /* Build configuration list for PBXNativeTarget "tapper2UITests" */ = {
			isa = XCConfigurationList;
			buildConfigurations = (
				81D5D1221BC72ECE0059D1F1 /* Debug */,
				81D5D1231BC72ECE0059D1F1 /* Release */,
			);
			defaultConfigurationIsVisible = 0;
		};
/* End XCConfigurationList section */
	};
	rootObject = 81D5D0EB1BC72ECD0059D1F1 /* Project object */;
}
